
Microsoft Visual Studio Solution File, Format Version 12.00
# Visual Studio 15
VisualStudioVersion = 15.0.28307.1267
MinimumVisualStudioVersion = 10.0.40219.1
Project("{9A19103F-16F7-4668-BE54-9A1E7A4F7556}") = "EmployeesApp", "EmployeesApp\EmployeesApp.csproj", "{0CC4D529-5ED9-4B79-8B40-85F5C48559CC}"
EndProject
Project("{9A19103F-16F7-4668-BE54-9A1E7A4F7556}") = "EmployeesApp.Core", "EmployeesApp.Core\EmployeesApp.Core.csproj", "{0DCEEF24-4046-4C6E-951F-D4913385091C}"
EndProject
Project("{9A19103F-16F7-4668-BE54-9A1E7A4F7556}") = "EmployeesApp.DataAccess", "EmployeesApp.DataAccess\EmployeesApp.DataAccess.csproj", "{49A9BFC3-EEDB-48BD-8A43-76DD13B09063}"
EndProject
Project("{FAE04EC0-301F-11D3-BF4B-00C04F79EFBC}") = "EmployeeApp.Tests", "EmployeeApp.Tests\EmployeeApp.Tests.csproj", "{AB432D6C-1789-455D-BCFC-DBA1359B5021}"
EndProject
Global
	GlobalSection(SolutionConfigurationPlatforms) = preSolution
		Debug|Any CPU = Debug|Any CPU
		Release|Any CPU = Release|Any CPU
	EndGlobalSection
	GlobalSection(ProjectConfigurationPlatforms) = postSolution
		{0CC4D529-5ED9-4B79-8B40-85F5C48559CC}.Debug|Any CPU.ActiveCfg = Debug|Any CPU
		{0CC4D529-5ED9-4B79-8B40-85F5C48559CC}.Debug|Any CPU.Build.0 = Debug|Any CPU
		{0CC4D529-5ED9-4B79-8B40-85F5C48559CC}.Release|Any CPU.ActiveCfg = Release|Any CPU
		{0CC4D529-5ED9-4B79-8B40-85F5C48559CC}.Release|Any CPU.Build.0 = Release|Any CPU
		{0DCEEF24-4046-4C6E-951F-D4913385091C}.Debug|Any CPU.ActiveCfg = Debug|Any CPU
		{0DCEEF24-4046-4C6E-951F-D4913385091C}.Debug|Any CPU.Build.0 = Debug|Any CPU
		{0DCEEF24-4046-4C6E-951F-D4913385091C}.Release|Any CPU.ActiveCfg = Release|Any CPU
		{0DCEEF24-4046-4C6E-951F-D4913385091C}.Release|Any CPU.Build.0 = Release|Any CPU
		{49A9BFC3-EEDB-48BD-8A43-76DD13B09063}.Debug|Any CPU.ActiveCfg = Debug|Any CPU
		{49A9BFC3-EEDB-48BD-8A43-76DD13B09063}.Debug|Any CPU.Build.0 = Debug|Any CPU
		{49A9BFC3-EEDB-48BD-8A43-76DD13B09063}.Release|Any CPU.ActiveCfg = Release|Any CPU
		{49A9BFC3-EEDB-48BD-8A43-76DD13B09063}.Release|Any CPU.Build.0 = Release|Any CPU
		{AB432D6C-1789-455D-BCFC-DBA1359B5021}.Debug|Any CPU.ActiveCfg = Debug|Any CPU
		{AB432D6C-1789-455D-BCFC-DBA1359B5021}.Debug|Any CPU.Build.0 = Debug|Any CPU
		{AB432D6C-1789-455D-BCFC-DBA1359B5021}.Release|Any CPU.ActiveCfg = Release|Any CPU
		{AB432D6C-1789-455D-BCFC-DBA1359B5021}.Release|Any CPU.Build.0 = Release|Any CPU
	EndGlobalSection
	GlobalSection(SolutionProperties) = preSolution
		HideSolutionNode = FALSE
	EndGlobalSection
	GlobalSection(ExtensibilityGlobals) = postSolution
		SolutionGuid = {A526CE63-19DB-4C08-93F4-6752C459C938}
	EndGlobalSection
EndGlobal
